{
  "requires": true,
  "lockfileVersion": 1,
  "dependencies": {
    "bignumber.js": {
      "version": "4.1.0",
      "resolved": "http://infynp.ad.infosys.com/repository/npm-group/bignumber.js/-/bignumber.js-4.1.0.tgz",
      "integrity": "sha512-eJzYkFYy9L4JzXsbymsFn3p54D+llV27oTQ+ziJG7WFRheJcNZilgVXMG0LoZtlQSKBsJdWtLFqOD0u+U0jZKA=="
    },
    "core-util-is": {
      "version": "1.0.2",
      "resolved": "http://infynp.ad.infosys.com/repository/npm-group/core-util-is/-/core-util-is-1.0.2.tgz",
      "integrity": "sha1-tf1UIgqivFq1eqtxQMlAdUUDwac="
    },
    "iconv-lite": {
      "version": "0.2.11",
      "resolved": "http://infynp.ad.infosys.com/repository/npm-group/iconv-lite/-/iconv-lite-0.2.11.tgz",
      "integrity": "sha1-HOYKOleGSiktEyH/RgnKS7llrcg="
    },
    "inherits": {
      "version": "2.0.3",
      "resolved": "http://infynp.ad.infosys.com/repository/npm-group/inherits/-/inherits-2.0.3.tgz",
      "integrity": "sha1-Yzwsg+PaQqUC9SRmAiSA9CCCYd4="
    },
    "isarray": {
      "version": "1.0.0",
      "resolved": "http://infynp.ad.infosys.com/repository/npm-group/isarray/-/isarray-1.0.0.tgz",
      "integrity": "sha1-u5NdSFgsuhaMBoNJV6VKPgcSTxE="
    },
    "mysql": {
      "version": "2.16.0",
      "resolved": "http://infynp.ad.infosys.com/repository/npm-group/mysql/-/mysql-2.16.0.tgz",
      "integrity": "sha512-dPbN2LHonQp7D5ja5DJXNbCLe/HRdu+f3v61aguzNRQIrmZLOeRoymBYyeThrR6ug+FqzDL95Gc9maqZUJS+Gw==",
      "requires": {
        "bignumber.js": "4.1.0",
        "readable-stream": "2.3.6",
        "safe-buffer": "5.1.2",
        "sqlstring": "2.3.1"
      }
    },
    "process-nextick-args": {
      "version": "2.0.0",
      "resolved": "http://infynp.ad.infosys.com/repository/npm-group/process-nextick-args/-/process-nextick-args-2.0.0.tgz",
      "integrity": "sha512-MtEC1TqN0EU5nephaJ4rAtThHtC86dNN9qCuEhtshvpVBkAW5ZO7BASN9REnF9eoXGcRub+pFuKEpOHE+HbEMw=="
    },
    "qs": {
      "version": "1.2.0",
      "resolved": "http://infynp.ad.infosys.com/repository/npm-group/qs/-/qs-1.2.0.tgz",
      "integrity": "sha1-7Qeb4oaCFH5v2aNMwrDB4OxkU+4="
    },
    "readable-stream": {
      "version": "2.3.6",
      "resolved": "http://infynp.ad.infosys.com/repository/npm-group/readable-stream/-/readable-stream-2.3.6.tgz",
      "integrity": "sha512-tQtKA9WIAhBF3+VLAseyMqZeBjW0AHJoxOtYqSUZNJxauErmLbVm2FW1y+J/YA9dUrAC39ITejlZWhVIwawkKw==",
      "requires": {
        "core-util-is": "1.0.2",
        "inherits": "2.0.3",
        "isarray": "1.0.0",
        "process-nextick-args": "2.0.0",
        "safe-buffer": "5.1.2",
        "string_decoder": "1.1.1",
        "util-deprecate": "1.0.2"
      }
    },
    "restler": {
      "version": "3.4.0",
      "resolved": "http://infynp.ad.infosys.com/repository/npm-group/restler/-/restler-3.4.0.tgz",
      "integrity": "sha1-dB7As9FrlJ/uooE9DDxoUp6IjZs=",
      "requires": {
        "iconv-lite": "0.2.11",
        "qs": "1.2.0",
        "xml2js": "0.4.0",
        "yaml": "0.2.3"
      }
    },
    "safe-buffer": {
      "version": "5.1.2",
      "resolved": "http://infynp.ad.infosys.com/repository/npm-group/safe-buffer/-/safe-buffer-5.1.2.tgz",
      "integrity": "sha512-Gd2UZBJDkXlY7GbJxfsE8/nvKkUEU1G38c1siN6QP6a9PT9MmHB8GnpscSmMJSoF8LOIrt8ud/wPtojys4G6+g=="
    },
    "sax": {
      "version": "0.5.8",
      "resolved": "http://infynp.ad.infosys.com/repository/npm-group/sax/-/sax-0.5.8.tgz",
      "integrity": "sha1-1HLbIo6zMcJQaw6MFVJK25OdEsE="
    },
    "sqlstring": {
      "version": "2.3.1",
      "resolved": "http://infynp.ad.infosys.com/repository/npm-group/sqlstring/-/sqlstring-2.3.1.tgz",
      "integrity": "sha1-R1OT/56RR5rqYtyvDKPRSYOn+0A="
    },
    "string_decoder": {
      "version": "1.1.1",
      "resolved": "http://infynp.ad.infosys.com/repository/npm-group/string_decoder/-/string_decoder-1.1.1.tgz",
      "integrity": "sha512-n/ShnvDi6FHbbVfviro+WojiFzv+s8MPMHBczVePfUpDJLwoLT0ht1l4YwBCbi8pJAveEEdnkHyPyTP/mzRfwg==",
      "requires": {
        "safe-buffer": "5.1.2"
      }
    },
    "util-deprecate": {
      "version": "1.0.2",
      "resolved": "http://infynp.ad.infosys.com/repository/npm-group/util-deprecate/-/util-deprecate-1.0.2.tgz",
      "integrity": "sha1-RQ1Nyfpw3nMnYvvS1KKJgUGaDM8="
    },
    "xml2js": {
      "version": "0.4.0",
      "resolved": "http://infynp.ad.infosys.com/repository/npm-group/xml2js/-/xml2js-0.4.0.tgz",
      "integrity": "sha1-Ek/EEUtBKcgQgA7LKshs8lRiy5o=",
      "requires": {
        "sax": "0.5.8",
        "xmlbuilder": "11.0.0"
      }
    },
    "xmlbuilder": {
      "version": "11.0.0",
      "resolved": "http://infynp.ad.infosys.com/repository/npm-group/xmlbuilder/-/xmlbuilder-11.0.0.tgz",
      "integrity": "sha512-LzeAc96zUlknAk0F+xOXC8hO1D4ISG1ivov9UBjFkPcbSk6jVGhm9J8pTQp1ksZp9YbOws8pae8tVs+hwQl12w=="
    },
    "yaml": {
      "version": "0.2.3",
      "resolved": "http://infynp.ad.infosys.com/repository/npm-group/yaml/-/yaml-0.2.3.tgz",
      "integrity": "sha1-tUUOkudu82td0k42YAkeuu7z5cc="
    }
  }
}
